// !$*UTF8*$!
{
	archiveVersion = 1;
	classes = {
	};
	objectVersion = 52;
	objects = {

/* Begin PBXBuildFile section */
		09C5D8EF2717240300D0E129 /* FacebookLogin in Frameworks */ = {isa = PBXBuildFile; productRef = 09C5D8EE2717240300D0E129 /* FacebookLogin */; };
		09C5D8F12717265500D0E129 /* AppDelegate.swift in Sources */ = {isa = PBXBuildFile; fileRef = 09C5D8F02717265500D0E129 /* AppDelegate.swift */; };
		09C5D8F3271726DE00D0E129 /* FBLoginView.swift in Sources */ = {isa = PBXBuildFile; fileRef = 09C5D8F2271726DE00D0E129 /* FBLoginView.swift */; };
		09C5D8FC27173F1600D0E129 /* FacebookCore in Frameworks */ = {isa = PBXBuildFile; productRef = 09C5D8FB27173F1600D0E129 /* FacebookCore */; settings = {ATTRIBUTES = (Required, ); }; };
		09C5D8FE27173F3600D0E129 /* FacebookAEM in Frameworks */ = {isa = PBXBuildFile; productRef = 09C5D8FD27173F3600D0E129 /* FacebookAEM */; };
		09C5D90027173F3800D0E129 /* FacebookBasics in Frameworks */ = {isa = PBXBuildFile; productRef = 09C5D8FF27173F3800D0E129 /* FacebookBasics */; };
		09C5D9022718292800D0E129 /* LoginOptionsView.swift in Sources */ = {isa = PBXBuildFile; fileRef = 09C5D9012718292800D0E129 /* LoginOptionsView.swift */; };
		09C5D904271833B200D0E129 /* .gitignore in Resources */ = {isa = PBXBuildFile; fileRef = 09C5D903271833B200D0E129 /* .gitignore */; };
		09C5D906271836E500D0E129 /* StartPageView.swift in Sources */ = {isa = PBXBuildFile; fileRef = 09C5D905271836E500D0E129 /* StartPageView.swift */; };
		09D572B726FA203C00583899 /* UniBookAppApp.swift in Sources */ = {isa = PBXBuildFile; fileRef = 09D572B626FA203C00583899 /* UniBookAppApp.swift */; };
		09D572B926FA203C00583899 /* ContentView.swift in Sources */ = {isa = PBXBuildFile; fileRef = 09D572B826FA203C00583899 /* ContentView.swift */; };
		09D572BB26FA204200583899 /* Assets.xcassets in Resources */ = {isa = PBXBuildFile; fileRef = 09D572BA26FA204200583899 /* Assets.xcassets */; };
		09D572BE26FA204200583899 /* Preview Assets.xcassets in Resources */ = {isa = PBXBuildFile; fileRef = 09D572BD26FA204200583899 /* Preview Assets.xcassets */; };
		09D572C926FA204200583899 /* UniBookAppTests.swift in Sources */ = {isa = PBXBuildFile; fileRef = 09D572C826FA204200583899 /* UniBookAppTests.swift */; };
		09D572D426FA204200583899 /* UniBookAppUITests.swift in Sources */ = {isa = PBXBuildFile; fileRef = 09D572D326FA204200583899 /* UniBookAppUITests.swift */; };
		328F2DFE27120F39006CF628 /* HomeView.swift in Sources */ = {isa = PBXBuildFile; fileRef = 328F2DFD27120F39006CF628 /* HomeView.swift */; };
		328F2E002713655F006CF628 /* BookItemView.swift in Sources */ = {isa = PBXBuildFile; fileRef = 328F2DFF2713655F006CF628 /* BookItemView.swift */; };
		328F2E0227158EE1006CF628 /* ProfileView.swift in Sources */ = {isa = PBXBuildFile; fileRef = 328F2E0127158EE1006CF628 /* ProfileView.swift */; };
		32B868BA26FF286100549EC7 /* AdView.swift in Sources */ = {isa = PBXBuildFile; fileRef = 32B868B926FF286100549EC7 /* AdView.swift */; };
		32B868BE26FF354F00549EC7 /* SearchbarView.swift in Sources */ = {isa = PBXBuildFile; fileRef = 32B868BD26FF354F00549EC7 /* SearchbarView.swift */; };
		32B868C026FF643200549EC7 /* BookInformationView.swift in Sources */ = {isa = PBXBuildFile; fileRef = 32B868BF26FF643200549EC7 /* BookInformationView.swift */; };
		32B868C226FF653D00549EC7 /* ImageUploadView.swift in Sources */ = {isa = PBXBuildFile; fileRef = 32B868C126FF653D00549EC7 /* ImageUploadView.swift */; };
		32B868C42701109400549EC7 /* ImagePicker.swift in Sources */ = {isa = PBXBuildFile; fileRef = 32B868C32701109400549EC7 /* ImagePicker.swift */; };
		32B868CA2702247400549EC7 /* BookViewModel.swift in Sources */ = {isa = PBXBuildFile; fileRef = 32B868C92702247400549EC7 /* BookViewModel.swift */; };
		32B868D22708AF0000549EC7 /* PreviewAdView.swift in Sources */ = {isa = PBXBuildFile; fileRef = 32B868D12708AF0000549EC7 /* PreviewAdView.swift */; };
		A35ACA692717122B0026F877 /* ISBNSearchView.swift in Sources */ = {isa = PBXBuildFile; fileRef = A35ACA682717122B0026F877 /* ISBNSearchView.swift */; };
		A35ACA6D271712350026F877 /* ISBNSource.swift in Sources */ = {isa = PBXBuildFile; fileRef = A35ACA6C271712350026F877 /* ISBNSource.swift */; };
		A3ADEE32271ECE8400434D6D /* FirebaseAnalytics in Frameworks */ = {isa = PBXBuildFile; productRef = A3ADEE31271ECE8400434D6D /* FirebaseAnalytics */; };
		A3ADEE34271ECE8400434D6D /* FirebaseDatabase in Frameworks */ = {isa = PBXBuildFile; productRef = A3ADEE33271ECE8400434D6D /* FirebaseDatabase */; };
		A3ADEE36271ECE8400434D6D /* FirebaseStorage in Frameworks */ = {isa = PBXBuildFile; productRef = A3ADEE35271ECE8400434D6D /* FirebaseStorage */; };
		A3ADEE38271ECEEC00434D6D /* GoogleService-Info.plist in Resources */ = {isa = PBXBuildFile; fileRef = A3ADEE37271ECEEC00434D6D /* GoogleService-Info.plist */; };
		A3ADEE3A271ECF4100434D6D /* Firebase in Resources */ = {isa = PBXBuildFile; fileRef = A3ADEE39271ECF4100434D6D /* Firebase */; };
		A3ADEE3C271ECF5000434D6D /* CreateAdViewModel.swift in Sources */ = {isa = PBXBuildFile; fileRef = A3ADEE3B271ECF5000434D6D /* CreateAdViewModel.swift */; };
		A3ADEE3E271ECF5900434D6D /* CreateAdView.swift in Sources */ = {isa = PBXBuildFile; fileRef = A3ADEE3D271ECF5900434D6D /* CreateAdView.swift */; };
		A3ADEE40271ECF6000434D6D /* DataModel.swift in Sources */ = {isa = PBXBuildFile; fileRef = A3ADEE3F271ECF6000434D6D /* DataModel.swift */; };
		A3ADEE42271ED02700434D6D /* EmptyStateView.swift in Sources */ = {isa = PBXBuildFile; fileRef = A3ADEE41271ED02700434D6D /* EmptyStateView.swift */; };
		A3ADEE44271EEDCA00434D6D /* SearchView.swift in Sources */ = {isa = PBXBuildFile; fileRef = A3ADEE43271EEDCA00434D6D /* SearchView.swift */; };
		A3ADEE48271EEDFA00434D6D /* SearchViewModel.swift in Sources */ = {isa = PBXBuildFile; fileRef = A3ADEE47271EEDFA00434D6D /* SearchViewModel.swift */; };
/* End PBXBuildFile section */

/* Begin PBXContainerItemProxy section */
		09D572C526FA204200583899 /* PBXContainerItemProxy */ = {
			isa = PBXContainerItemProxy;
			containerPortal = 09D572AB26FA203C00583899 /* Project object */;
			proxyType = 1;
			remoteGlobalIDString = 09D572B226FA203C00583899;
			remoteInfo = UniBookApp;
		};
		09D572D026FA204200583899 /* PBXContainerItemProxy */ = {
			isa = PBXContainerItemProxy;
			containerPortal = 09D572AB26FA203C00583899 /* Project object */;
			proxyType = 1;
			remoteGlobalIDString = 09D572B226FA203C00583899;
			remoteInfo = UniBookApp;
		};
/* End PBXContainerItemProxy section */

/* Begin PBXFileReference section */
		09C5D8F02717265500D0E129 /* AppDelegate.swift */ = {isa = PBXFileReference; lastKnownFileType = sourcecode.swift; path = AppDelegate.swift; sourceTree = "<group>"; };
		09C5D8F2271726DE00D0E129 /* FBLoginView.swift */ = {isa = PBXFileReference; lastKnownFileType = sourcecode.swift; path = FBLoginView.swift; sourceTree = "<group>"; };
		09C5D8F927173C1600D0E129 /* facebook-ios-sdk */ = {isa = PBXFileReference; lastKnownFileType = folder; name = "facebook-ios-sdk"; path = "/Users/saradamne/Library/Developer/Xcode/DerivedData/UniBookApp-crwothsbqchmbqdevmnalbgibdyk/SourcePackages/checkouts/facebook-ios-sdk"; sourceTree = "<absolute>"; };
		09C5D9012718292800D0E129 /* LoginOptionsView.swift */ = {isa = PBXFileReference; lastKnownFileType = sourcecode.swift; path = LoginOptionsView.swift; sourceTree = "<group>"; };
		09C5D903271833B200D0E129 /* .gitignore */ = {isa = PBXFileReference; lastKnownFileType = text; path = .gitignore; sourceTree = "<group>"; };
		09C5D905271836E500D0E129 /* StartPageView.swift */ = {isa = PBXFileReference; lastKnownFileType = sourcecode.swift; path = StartPageView.swift; sourceTree = "<group>"; };
		09D572B326FA203C00583899 /* UniBookApp.app */ = {isa = PBXFileReference; explicitFileType = wrapper.application; includeInIndex = 0; path = UniBookApp.app; sourceTree = BUILT_PRODUCTS_DIR; };
		09D572B626FA203C00583899 /* UniBookAppApp.swift */ = {isa = PBXFileReference; lastKnownFileType = sourcecode.swift; path = UniBookAppApp.swift; sourceTree = "<group>"; };
		09D572B826FA203C00583899 /* ContentView.swift */ = {isa = PBXFileReference; lastKnownFileType = sourcecode.swift; path = ContentView.swift; sourceTree = "<group>"; };
		09D572BA26FA204200583899 /* Assets.xcassets */ = {isa = PBXFileReference; lastKnownFileType = folder.assetcatalog; path = Assets.xcassets; sourceTree = "<group>"; };
		09D572BD26FA204200583899 /* Preview Assets.xcassets */ = {isa = PBXFileReference; lastKnownFileType = folder.assetcatalog; path = "Preview Assets.xcassets"; sourceTree = "<group>"; };
		09D572BF26FA204200583899 /* Info.plist */ = {isa = PBXFileReference; lastKnownFileType = text.plist.xml; path = Info.plist; sourceTree = "<group>"; };
		09D572C426FA204200583899 /* UniBookAppTests.xctest */ = {isa = PBXFileReference; explicitFileType = wrapper.cfbundle; includeInIndex = 0; path = UniBookAppTests.xctest; sourceTree = BUILT_PRODUCTS_DIR; };
		09D572C826FA204200583899 /* UniBookAppTests.swift */ = {isa = PBXFileReference; lastKnownFileType = sourcecode.swift; path = UniBookAppTests.swift; sourceTree = "<group>"; };
		09D572CA26FA204200583899 /* Info.plist */ = {isa = PBXFileReference; lastKnownFileType = text.plist.xml; path = Info.plist; sourceTree = "<group>"; };
		09D572CF26FA204200583899 /* UniBookAppUITests.xctest */ = {isa = PBXFileReference; explicitFileType = wrapper.cfbundle; includeInIndex = 0; path = UniBookAppUITests.xctest; sourceTree = BUILT_PRODUCTS_DIR; };
		09D572D326FA204200583899 /* UniBookAppUITests.swift */ = {isa = PBXFileReference; lastKnownFileType = sourcecode.swift; path = UniBookAppUITests.swift; sourceTree = "<group>"; };
		09D572D526FA204200583899 /* Info.plist */ = {isa = PBXFileReference; lastKnownFileType = text.plist.xml; path = Info.plist; sourceTree = "<group>"; };
		328F2DFD27120F39006CF628 /* HomeView.swift */ = {isa = PBXFileReference; lastKnownFileType = sourcecode.swift; path = HomeView.swift; sourceTree = "<group>"; };
		328F2DFF2713655F006CF628 /* BookItemView.swift */ = {isa = PBXFileReference; lastKnownFileType = sourcecode.swift; path = BookItemView.swift; sourceTree = "<group>"; };
		328F2E0127158EE1006CF628 /* ProfileView.swift */ = {isa = PBXFileReference; lastKnownFileType = sourcecode.swift; path = ProfileView.swift; sourceTree = "<group>"; };
		32B868B926FF286100549EC7 /* AdView.swift */ = {isa = PBXFileReference; lastKnownFileType = sourcecode.swift; path = AdView.swift; sourceTree = "<group>"; };
		32B868BD26FF354F00549EC7 /* SearchbarView.swift */ = {isa = PBXFileReference; lastKnownFileType = sourcecode.swift; path = SearchbarView.swift; sourceTree = "<group>"; };
		32B868BF26FF643200549EC7 /* BookInformationView.swift */ = {isa = PBXFileReference; lastKnownFileType = sourcecode.swift; path = BookInformationView.swift; sourceTree = "<group>"; };
		32B868C126FF653D00549EC7 /* ImageUploadView.swift */ = {isa = PBXFileReference; lastKnownFileType = sourcecode.swift; path = ImageUploadView.swift; sourceTree = "<group>"; };
		32B868C32701109400549EC7 /* ImagePicker.swift */ = {isa = PBXFileReference; lastKnownFileType = sourcecode.swift; path = ImagePicker.swift; sourceTree = "<group>"; };
		32B868C92702247400549EC7 /* BookViewModel.swift */ = {isa = PBXFileReference; lastKnownFileType = sourcecode.swift; path = BookViewModel.swift; sourceTree = "<group>"; };
		32B868D12708AF0000549EC7 /* PreviewAdView.swift */ = {isa = PBXFileReference; lastKnownFileType = sourcecode.swift; path = PreviewAdView.swift; sourceTree = "<group>"; };
		A35ACA682717122B0026F877 /* ISBNSearchView.swift */ = {isa = PBXFileReference; fileEncoding = 4; lastKnownFileType = sourcecode.swift; path = ISBNSearchView.swift; sourceTree = "<group>"; };
		A35ACA6C271712350026F877 /* ISBNSource.swift */ = {isa = PBXFileReference; fileEncoding = 4; lastKnownFileType = sourcecode.swift; path = ISBNSource.swift; sourceTree = "<group>"; };
		A3ADEE37271ECEEC00434D6D /* GoogleService-Info.plist */ = {isa = PBXFileReference; fileEncoding = 4; lastKnownFileType = text.plist.xml; path = "GoogleService-Info.plist"; sourceTree = "<group>"; };
		A3ADEE39271ECF4100434D6D /* Firebase */ = {isa = PBXFileReference; lastKnownFileType = folder; path = Firebase; sourceTree = "<group>"; };
		A3ADEE3B271ECF5000434D6D /* CreateAdViewModel.swift */ = {isa = PBXFileReference; fileEncoding = 4; lastKnownFileType = sourcecode.swift; path = CreateAdViewModel.swift; sourceTree = "<group>"; };
		A3ADEE3D271ECF5900434D6D /* CreateAdView.swift */ = {isa = PBXFileReference; fileEncoding = 4; lastKnownFileType = sourcecode.swift; path = CreateAdView.swift; sourceTree = "<group>"; };
		A3ADEE3F271ECF6000434D6D /* DataModel.swift */ = {isa = PBXFileReference; fileEncoding = 4; lastKnownFileType = sourcecode.swift; path = DataModel.swift; sourceTree = "<group>"; };
		A3ADEE41271ED02700434D6D /* EmptyStateView.swift */ = {isa = PBXFileReference; fileEncoding = 4; lastKnownFileType = sourcecode.swift; path = EmptyStateView.swift; sourceTree = "<group>"; };
		A3ADEE43271EEDCA00434D6D /* SearchView.swift */ = {isa = PBXFileReference; lastKnownFileType = sourcecode.swift; path = SearchView.swift; sourceTree = "<group>"; };
		A3ADEE47271EEDFA00434D6D /* SearchViewModel.swift */ = {isa = PBXFileReference; lastKnownFileType = sourcecode.swift; path = SearchViewModel.swift; sourceTree = "<group>"; };
/* End PBXFileReference section */

/* Begin PBXFrameworksBuildPhase section */
		09D572B026FA203C00583899 /* Frameworks */ = {
			isa = PBXFrameworksBuildPhase;
			buildActionMask = 2147483647;
			files = (
				A3ADEE34271ECE8400434D6D /* FirebaseDatabase in Frameworks */,
				09C5D8FE27173F3600D0E129 /* FacebookAEM in Frameworks */,
				09C5D90027173F3800D0E129 /* FacebookBasics in Frameworks */,
				09C5D8EF2717240300D0E129 /* FacebookLogin in Frameworks */,
				A3ADEE36271ECE8400434D6D /* FirebaseStorage in Frameworks */,
				A3ADEE32271ECE8400434D6D /* FirebaseAnalytics in Frameworks */,
				09C5D8FC27173F1600D0E129 /* FacebookCore in Frameworks */,
			);
			runOnlyForDeploymentPostprocessing = 0;
		};
		09D572C126FA204200583899 /* Frameworks */ = {
			isa = PBXFrameworksBuildPhase;
			buildActionMask = 2147483647;
			files = (
			);
			runOnlyForDeploymentPostprocessing = 0;
		};
		09D572CC26FA204200583899 /* Frameworks */ = {
			isa = PBXFrameworksBuildPhase;
			buildActionMask = 2147483647;
			files = (
			);
			runOnlyForDeploymentPostprocessing = 0;
		};
/* End PBXFrameworksBuildPhase section */

/* Begin PBXGroup section */
		09C5D8F827173C1600D0E129 /* Frameworks */ = {
			isa = PBXGroup;
			children = (
				09C5D8F927173C1600D0E129 /* facebook-ios-sdk */,
			);
			name = Frameworks;
			sourceTree = "<group>";
		};
		09D572AA26FA203C00583899 = {
			isa = PBXGroup;
			children = (
				09D572B526FA203C00583899 /* UniBookApp */,
				09D572C726FA204200583899 /* UniBookAppTests */,
				09D572D226FA204200583899 /* UniBookAppUITests */,
				09D572B426FA203C00583899 /* Products */,
				09C5D8F827173C1600D0E129 /* Frameworks */,
			);
			sourceTree = "<group>";
		};
		09D572B426FA203C00583899 /* Products */ = {
			isa = PBXGroup;
			children = (
				09D572B326FA203C00583899 /* UniBookApp.app */,
				09D572C426FA204200583899 /* UniBookAppTests.xctest */,
				09D572CF26FA204200583899 /* UniBookAppUITests.xctest */,
			);
			name = Products;
			sourceTree = "<group>";
		};
		09D572B526FA203C00583899 /* UniBookApp */ = {
			isa = PBXGroup;
			children = (
				A3ADEE39271ECF4100434D6D /* Firebase */,
				A3ADEE37271ECEEC00434D6D /* GoogleService-Info.plist */,
				09C5D903271833B200D0E129 /* .gitignore */,
				09D572B626FA203C00583899 /* UniBookAppApp.swift */,
				32B868CB2702249600549EC7 /* Views */,
				32B868CC270224D500549EC7 /* Components */,
				09D572BA26FA204200583899 /* Assets.xcassets */,
				09D572BF26FA204200583899 /* Info.plist */,
				09D572BC26FA204200583899 /* Preview Content */,
				09C5D8F02717265500D0E129 /* AppDelegate.swift */,
			);
			path = UniBookApp;
			sourceTree = "<group>";
		};
		09D572BC26FA204200583899 /* Preview Content */ = {
			isa = PBXGroup;
			children = (
				09D572BD26FA204200583899 /* Preview Assets.xcassets */,
			);
			path = "Preview Content";
			sourceTree = "<group>";
		};
		09D572C726FA204200583899 /* UniBookAppTests */ = {
			isa = PBXGroup;
			children = (
				09D572C826FA204200583899 /* UniBookAppTests.swift */,
				09D572CA26FA204200583899 /* Info.plist */,
			);
			path = UniBookAppTests;
			sourceTree = "<group>";
		};
		09D572D226FA204200583899 /* UniBookAppUITests */ = {
			isa = PBXGroup;
			children = (
				09D572D326FA204200583899 /* UniBookAppUITests.swift */,
				09D572D526FA204200583899 /* Info.plist */,
			);
			path = UniBookAppUITests;
			sourceTree = "<group>";
		};
		32B868CB2702249600549EC7 /* Views */ = {
			isa = PBXGroup;
			children = (
				A3ADEE41271ED02700434D6D /* EmptyStateView.swift */,
				09D572B826FA203C00583899 /* ContentView.swift */,
				32B868C92702247400549EC7 /* BookViewModel.swift */,
				32B868C126FF653D00549EC7 /* ImageUploadView.swift */,
				32B868B926FF286100549EC7 /* AdView.swift */,
				A35ACA682717122B0026F877 /* ISBNSearchView.swift */,
				A3ADEE3B271ECF5000434D6D /* CreateAdViewModel.swift */,
				A3ADEE3D271ECF5900434D6D /* CreateAdView.swift */,
				A35ACA6C271712350026F877 /* ISBNSource.swift */,
				A3ADEE3F271ECF6000434D6D /* DataModel.swift */,
				32B868D12708AF0000549EC7 /* PreviewAdView.swift */,
				328F2E0127158EE1006CF628 /* ProfileView.swift */,
				328F2DFD27120F39006CF628 /* HomeView.swift */,
				328F2DFF2713655F006CF628 /* BookItemView.swift */,
				09C5D8F2271726DE00D0E129 /* FBLoginView.swift */,
				09C5D9012718292800D0E129 /* LoginOptionsView.swift */,
				09C5D905271836E500D0E129 /* StartPageView.swift */,
				A3ADEE43271EEDCA00434D6D /* SearchView.swift */,
				A3ADEE47271EEDFA00434D6D /* SearchViewModel.swift */,
			);
			path = Views;
			sourceTree = "<group>";
		};
		32B868CC270224D500549EC7 /* Components */ = {
			isa = PBXGroup;
			children = (
				32B868C32701109400549EC7 /* ImagePicker.swift */,
				32B868BF26FF643200549EC7 /* BookInformationView.swift */,
				32B868BD26FF354F00549EC7 /* SearchbarView.swift */,
			);
			path = Components;
			sourceTree = "<group>";
		};
/* End PBXGroup section */

/* Begin PBXNativeTarget section */
		09D572B226FA203C00583899 /* UniBookApp */ = {
			isa = PBXNativeTarget;
			buildConfigurationList = 09D572D826FA204200583899 /* Build configuration list for PBXNativeTarget "UniBookApp" */;
			buildPhases = (
				09D572AF26FA203C00583899 /* Sources */,
				09D572B026FA203C00583899 /* Frameworks */,
				09D572B126FA203C00583899 /* Resources */,
			);
			buildRules = (
			);
			dependencies = (
			);
			name = UniBookApp;
			packageProductDependencies = (
				09C5D8EE2717240300D0E129 /* FacebookLogin */,
				09C5D8FB27173F1600D0E129 /* FacebookCore */,
				09C5D8FD27173F3600D0E129 /* FacebookAEM */,
				09C5D8FF27173F3800D0E129 /* FacebookBasics */,
				A3ADEE31271ECE8400434D6D /* FirebaseAnalytics */,
				A3ADEE33271ECE8400434D6D /* FirebaseDatabase */,
				A3ADEE35271ECE8400434D6D /* FirebaseStorage */,
			);
			productName = UniBookApp;
			productReference = 09D572B326FA203C00583899 /* UniBookApp.app */;
			productType = "com.apple.product-type.application";
		};
		09D572C326FA204200583899 /* UniBookAppTests */ = {
			isa = PBXNativeTarget;
			buildConfigurationList = 09D572DB26FA204200583899 /* Build configuration list for PBXNativeTarget "UniBookAppTests" */;
			buildPhases = (
				09D572C026FA204200583899 /* Sources */,
				09D572C126FA204200583899 /* Frameworks */,
				09D572C226FA204200583899 /* Resources */,
			);
			buildRules = (
			);
			dependencies = (
				09D572C626FA204200583899 /* PBXTargetDependency */,
			);
			name = UniBookAppTests;
			productName = UniBookAppTests;
			productReference = 09D572C426FA204200583899 /* UniBookAppTests.xctest */;
			productType = "com.apple.product-type.bundle.unit-test";
		};
		09D572CE26FA204200583899 /* UniBookAppUITests */ = {
			isa = PBXNativeTarget;
			buildConfigurationList = 09D572DE26FA204200583899 /* Build configuration list for PBXNativeTarget "UniBookAppUITests" */;
			buildPhases = (
				09D572CB26FA204200583899 /* Sources */,
				09D572CC26FA204200583899 /* Frameworks */,
				09D572CD26FA204200583899 /* Resources */,
			);
			buildRules = (
			);
			dependencies = (
				09D572D126FA204200583899 /* PBXTargetDependency */,
			);
			name = UniBookAppUITests;
			productName = UniBookAppUITests;
			productReference = 09D572CF26FA204200583899 /* UniBookAppUITests.xctest */;
			productType = "com.apple.product-type.bundle.ui-testing";
		};
/* End PBXNativeTarget section */

/* Begin PBXProject section */
		09D572AB26FA203C00583899 /* Project object */ = {
			isa = PBXProject;
			attributes = {
				LastSwiftUpdateCheck = 1250;
				LastUpgradeCheck = 1250;
				TargetAttributes = {
					09D572B226FA203C00583899 = {
						CreatedOnToolsVersion = 12.5;
					};
					09D572C326FA204200583899 = {
						CreatedOnToolsVersion = 12.5;
						TestTargetID = 09D572B226FA203C00583899;
					};
					09D572CE26FA204200583899 = {
						CreatedOnToolsVersion = 12.5;
						TestTargetID = 09D572B226FA203C00583899;
					};
				};
			};
			buildConfigurationList = 09D572AE26FA203C00583899 /* Build configuration list for PBXProject "UniBookApp" */;
			compatibilityVersion = "Xcode 9.3";
			developmentRegion = en;
			hasScannedForEncodings = 0;
			knownRegions = (
				en,
				Base,
			);
			mainGroup = 09D572AA26FA203C00583899;
			packageReferences = (
				09C5D8ED2717240200D0E129 /* XCRemoteSwiftPackageReference "facebook-ios-sdk" */,
				A3ADEE30271ECE8400434D6D /* XCRemoteSwiftPackageReference "firebase-ios-sdk" */,
			);
			productRefGroup = 09D572B426FA203C00583899 /* Products */;
			projectDirPath = "";
			projectRoot = "";
			targets = (
				09D572B226FA203C00583899 /* UniBookApp */,
				09D572C326FA204200583899 /* UniBookAppTests */,
				09D572CE26FA204200583899 /* UniBookAppUITests */,
			);
		};
/* End PBXProject section */

/* Begin PBXResourcesBuildPhase section */
		09D572B126FA203C00583899 /* Resources */ = {
			isa = PBXResourcesBuildPhase;
			buildActionMask = 2147483647;
			files = (
				A3ADEE3A271ECF4100434D6D /* Firebase in Resources */,
				09D572BE26FA204200583899 /* Preview Assets.xcassets in Resources */,
				A3ADEE38271ECEEC00434D6D /* GoogleService-Info.plist in Resources */,
				09C5D904271833B200D0E129 /* .gitignore in Resources */,
				09D572BB26FA204200583899 /* Assets.xcassets in Resources */,
			);
			runOnlyForDeploymentPostprocessing = 0;
		};
		09D572C226FA204200583899 /* Resources */ = {
			isa = PBXResourcesBuildPhase;
			buildActionMask = 2147483647;
			files = (
			);
			runOnlyForDeploymentPostprocessing = 0;
		};
		09D572CD26FA204200583899 /* Resources */ = {
			isa = PBXResourcesBuildPhase;
			buildActionMask = 2147483647;
			files = (
			);
			runOnlyForDeploymentPostprocessing = 0;
		};
/* End PBXResourcesBuildPhase section */

/* Begin PBXSourcesBuildPhase section */
		09D572AF26FA203C00583899 /* Sources */ = {
			isa = PBXSourcesBuildPhase;
			buildActionMask = 2147483647;
			files = (
				A35ACA6D271712350026F877 /* ISBNSource.swift in Sources */,
				32B868BA26FF286100549EC7 /* AdView.swift in Sources */,
				32B868BE26FF354F00549EC7 /* SearchbarView.swift in Sources */,
				328F2E0227158EE1006CF628 /* ProfileView.swift in Sources */,
				32B868D22708AF0000549EC7 /* PreviewAdView.swift in Sources */,
				328F2DFE27120F39006CF628 /* HomeView.swift in Sources */,
				32B868C026FF643200549EC7 /* BookInformationView.swift in Sources */,
				09C5D9022718292800D0E129 /* LoginOptionsView.swift in Sources */,
				32B868C42701109400549EC7 /* ImagePicker.swift in Sources */,
				09C5D8F12717265500D0E129 /* AppDelegate.swift in Sources */,
				A3ADEE42271ED02700434D6D /* EmptyStateView.swift in Sources */,
				09C5D906271836E500D0E129 /* StartPageView.swift in Sources */,
				32B868C226FF653D00549EC7 /* ImageUploadView.swift in Sources */,
				A3ADEE44271EEDCA00434D6D /* SearchView.swift in Sources */,
				32B868CA2702247400549EC7 /* BookViewModel.swift in Sources */,
				A3ADEE40271ECF6000434D6D /* DataModel.swift in Sources */,
				09C5D8F3271726DE00D0E129 /* FBLoginView.swift in Sources */,
				09D572B926FA203C00583899 /* ContentView.swift in Sources */,
				A3ADEE48271EEDFA00434D6D /* SearchViewModel.swift in Sources */,
				328F2E002713655F006CF628 /* BookItemView.swift in Sources */,
				A3ADEE3E271ECF5900434D6D /* CreateAdView.swift in Sources */,
				09D572B726FA203C00583899 /* UniBookAppApp.swift in Sources */,
				A35ACA692717122B0026F877 /* ISBNSearchView.swift in Sources */,
				A3ADEE3C271ECF5000434D6D /* CreateAdViewModel.swift in Sources */,
			);
			runOnlyForDeploymentPostprocessing = 0;
		};
		09D572C026FA204200583899 /* Sources */ = {
			isa = PBXSourcesBuildPhase;
			buildActionMask = 2147483647;
			files = (
				09D572C926FA204200583899 /* UniBookAppTests.swift in Sources */,
			);
			runOnlyForDeploymentPostprocessing = 0;
		};
		09D572CB26FA204200583899 /* Sources */ = {
			isa = PBXSourcesBuildPhase;
			buildActionMask = 2147483647;
			files = (
				09D572D426FA204200583899 /* UniBookAppUITests.swift in Sources */,
			);
			runOnlyForDeploymentPostprocessing = 0;
		};
/* End PBXSourcesBuildPhase section */

/* Begin PBXTargetDependency section */
		09D572C626FA204200583899 /* PBXTargetDependency */ = {
			isa = PBXTargetDependency;
			target = 09D572B226FA203C00583899 /* UniBookApp */;
			targetProxy = 09D572C526FA204200583899 /* PBXContainerItemProxy */;
		};
		09D572D126FA204200583899 /* PBXTargetDependency */ = {
			isa = PBXTargetDependency;
			target = 09D572B226FA203C00583899 /* UniBookApp */;
			targetProxy = 09D572D026FA204200583899 /* PBXContainerItemProxy */;
		};
/* End PBXTargetDependency section */

/* Begin XCBuildConfiguration section */
		09D572D626FA204200583899 /* Debug */ = {
			isa = XCBuildConfiguration;
			buildSettings = {
				ALWAYS_SEARCH_USER_PATHS = NO;
				CLANG_ANALYZER_NONNULL = YES;
				CLANG_ANALYZER_NUMBER_OBJECT_CONVERSION = YES_AGGRESSIVE;
				CLANG_CXX_LANGUAGE_STANDARD = "gnu++14";
				CLANG_CXX_LIBRARY = "libc++";
				CLANG_ENABLE_MODULES = YES;
				CLANG_ENABLE_OBJC_ARC = YES;
				CLANG_ENABLE_OBJC_WEAK = YES;
				CLANG_WARN_BLOCK_CAPTURE_AUTORELEASING = YES;
				CLANG_WARN_BOOL_CONVERSION = YES;
				CLANG_WARN_COMMA = YES;
				CLANG_WARN_CONSTANT_CONVERSION = YES;
				CLANG_WARN_DEPRECATED_OBJC_IMPLEMENTATIONS = YES;
				CLANG_WARN_DIRECT_OBJC_ISA_USAGE = YES_ERROR;
				CLANG_WARN_DOCUMENTATION_COMMENTS = YES;
				CLANG_WARN_EMPTY_BODY = YES;
				CLANG_WARN_ENUM_CONVERSION = YES;
				CLANG_WARN_INFINITE_RECURSION = YES;
				CLANG_WARN_INT_CONVERSION = YES;
				CLANG_WARN_NON_LITERAL_NULL_CONVERSION = YES;
				CLANG_WARN_OBJC_IMPLICIT_RETAIN_SELF = YES;
				CLANG_WARN_OBJC_LITERAL_CONVERSION = YES;
				CLANG_WARN_OBJC_ROOT_CLASS = YES_ERROR;
				CLANG_WARN_QUOTED_INCLUDE_IN_FRAMEWORK_HEADER = YES;
				CLANG_WARN_RANGE_LOOP_ANALYSIS = YES;
				CLANG_WARN_STRICT_PROTOTYPES = YES;
				CLANG_WARN_SUSPICIOUS_MOVE = YES;
				CLANG_WARN_UNGUARDED_AVAILABILITY = YES_AGGRESSIVE;
				CLANG_WARN_UNREACHABLE_CODE = YES;
				CLANG_WARN__DUPLICATE_METHOD_MATCH = YES;
				COPY_PHASE_STRIP = NO;
				DEBUG_INFORMATION_FORMAT = dwarf;
				ENABLE_STRICT_OBJC_MSGSEND = YES;
				ENABLE_TESTABILITY = YES;
				GCC_C_LANGUAGE_STANDARD = gnu11;
				GCC_DYNAMIC_NO_PIC = NO;
				GCC_NO_COMMON_BLOCKS = YES;
				GCC_OPTIMIZATION_LEVEL = 0;
				GCC_PREPROCESSOR_DEFINITIONS = (
					"DEBUG=1",
					"$(inherited)",
				);
				GCC_WARN_64_TO_32_BIT_CONVERSION = YES;
				GCC_WARN_ABOUT_RETURN_TYPE = YES_ERROR;
				GCC_WARN_UNDECLARED_SELECTOR = YES;
				GCC_WARN_UNINITIALIZED_AUTOS = YES_AGGRESSIVE;
				GCC_WARN_UNUSED_FUNCTION = YES;
				GCC_WARN_UNUSED_VARIABLE = YES;
				IPHONEOS_DEPLOYMENT_TARGET = 14.5;
				MTL_ENABLE_DEBUG_INFO = INCLUDE_SOURCE;
				MTL_FAST_MATH = YES;
				ONLY_ACTIVE_ARCH = YES;
				SDKROOT = iphoneos;
				SWIFT_ACTIVE_COMPILATION_CONDITIONS = DEBUG;
				SWIFT_OPTIMIZATION_LEVEL = "-Onone";
			};
			name = Debug;
		};
		09D572D726FA204200583899 /* Release */ = {
			isa = XCBuildConfiguration;
			buildSettings = {
				ALWAYS_SEARCH_USER_PATHS = NO;
				CLANG_ANALYZER_NONNULL = YES;
				CLANG_ANALYZER_NUMBER_OBJECT_CONVERSION = YES_AGGRESSIVE;
				CLANG_CXX_LANGUAGE_STANDARD = "gnu++14";
				CLANG_CXX_LIBRARY = "libc++";
				CLANG_ENABLE_MODULES = YES;
				CLANG_ENABLE_OBJC_ARC = YES;
				CLANG_ENABLE_OBJC_WEAK = YES;
				CLANG_WARN_BLOCK_CAPTURE_AUTORELEASING = YES;
				CLANG_WARN_BOOL_CONVERSION = YES;
				CLANG_WARN_COMMA = YES;
				CLANG_WARN_CONSTANT_CONVERSION = YES;
				CLANG_WARN_DEPRECATED_OBJC_IMPLEMENTATIONS = YES;
				CLANG_WARN_DIRECT_OBJC_ISA_USAGE = YES_ERROR;
				CLANG_WARN_DOCUMENTATION_COMMENTS = YES;
				CLANG_WARN_EMPTY_BODY = YES;
				CLANG_WARN_ENUM_CONVERSION = YES;
				CLANG_WARN_INFINITE_RECURSION = YES;
				CLANG_WARN_INT_CONVERSION = YES;
				CLANG_WARN_NON_LITERAL_NULL_CONVERSION = YES;
				CLANG_WARN_OBJC_IMPLICIT_RETAIN_SELF = YES;
				CLANG_WARN_OBJC_LITERAL_CONVERSION = YES;
				CLANG_WARN_OBJC_ROOT_CLASS = YES_ERROR;
				CLANG_WARN_QUOTED_INCLUDE_IN_FRAMEWORK_HEADER = YES;
				CLANG_WARN_RANGE_LOOP_ANALYSIS = YES;
				CLANG_WARN_STRICT_PROTOTYPES = YES;
				CLANG_WARN_SUSPICIOUS_MOVE = YES;
				CLANG_WARN_UNGUARDED_AVAILABILITY = YES_AGGRESSIVE;
				CLANG_WARN_UNREACHABLE_CODE = YES;
				CLANG_WARN__DUPLICATE_METHOD_MATCH = YES;
				COPY_PHASE_STRIP = NO;
				DEBUG_INFORMATION_FORMAT = "dwarf-with-dsym";
				ENABLE_NS_ASSERTIONS = NO;
				ENABLE_STRICT_OBJC_MSGSEND = YES;
				GCC_C_LANGUAGE_STANDARD = gnu11;
				GCC_NO_COMMON_BLOCKS = YES;
				GCC_WARN_64_TO_32_BIT_CONVERSION = YES;
				GCC_WARN_ABOUT_RETURN_TYPE = YES_ERROR;
				GCC_WARN_UNDECLARED_SELECTOR = YES;
				GCC_WARN_UNINITIALIZED_AUTOS = YES_AGGRESSIVE;
				GCC_WARN_UNUSED_FUNCTION = YES;
				GCC_WARN_UNUSED_VARIABLE = YES;
				IPHONEOS_DEPLOYMENT_TARGET = 14.5;
				MTL_ENABLE_DEBUG_INFO = NO;
				MTL_FAST_MATH = YES;
				SDKROOT = iphoneos;
				SWIFT_COMPILATION_MODE = wholemodule;
				SWIFT_OPTIMIZATION_LEVEL = "-O";
				VALIDATE_PRODUCT = YES;
			};
			name = Release;
		};
		09D572D926FA204200583899 /* Debug */ = {
			isa = XCBuildConfiguration;
			buildSettings = {
				ASSETCATALOG_COMPILER_APPICON_NAME = AppIcon;
				ASSETCATALOG_COMPILER_GLOBAL_ACCENT_COLOR_NAME = AccentColor;
				CODE_SIGN_STYLE = Automatic;
				DEVELOPMENT_ASSET_PATHS = "\"UniBookApp/Preview Content\"";
				DEVELOPMENT_TEAM = "";
				ENABLE_PREVIEWS = YES;
				INFOPLIST_FILE = UniBookApp/Info.plist;
				IPHONEOS_DEPLOYMENT_TARGET = 14.0;
				LD_RUNPATH_SEARCH_PATHS = (
					"$(inherited)",
					"@executable_path/Frameworks",
				);
				PRODUCT_BUNDLE_IDENTIFIER = "CALIELSA-BOOK.UniBookApp";
				PRODUCT_NAME = "$(TARGET_NAME)";
				SWIFT_VERSION = 5.0;
				TARGETED_DEVICE_FAMILY = "1,2";
			};
			name = Debug;
		};
		09D572DA26FA204200583899 /* Release */ = {
			isa = XCBuildConfiguration;
			buildSettings = {
				ASSETCATALOG_COMPILER_APPICON_NAME = AppIcon;
				ASSETCATALOG_COMPILER_GLOBAL_ACCENT_COLOR_NAME = AccentColor;
				CODE_SIGN_STYLE = Automatic;
				DEVELOPMENT_ASSET_PATHS = "\"UniBookApp/Preview Content\"";
				DEVELOPMENT_TEAM = "";
				ENABLE_PREVIEWS = YES;
				INFOPLIST_FILE = UniBookApp/Info.plist;
				IPHONEOS_DEPLOYMENT_TARGET = 14.0;
				LD_RUNPATH_SEARCH_PATHS = (
					"$(inherited)",
					"@executable_path/Frameworks",
				);
				PRODUCT_BUNDLE_IDENTIFIER = "CALIELSA-BOOK.UniBookApp";
				PRODUCT_NAME = "$(TARGET_NAME)";
				SWIFT_VERSION = 5.0;
				TARGETED_DEVICE_FAMILY = "1,2";
			};
			name = Release;
		};
		09D572DC26FA204200583899 /* Debug */ = {
			isa = XCBuildConfiguration;
			buildSettings = {
				ALWAYS_EMBED_SWIFT_STANDARD_LIBRARIES = YES;
				BUNDLE_LOADER = "$(TEST_HOST)";
				CODE_SIGN_STYLE = Automatic;
				INFOPLIST_FILE = UniBookAppTests/Info.plist;
				IPHONEOS_DEPLOYMENT_TARGET = 14.0;
				LD_RUNPATH_SEARCH_PATHS = (
					"$(inherited)",
					"@executable_path/Frameworks",
					"@loader_path/Frameworks",
				);
				PRODUCT_BUNDLE_IDENTIFIER = "CALIELSA-BOOK.UniBookAppTests";
				PRODUCT_NAME = "$(TARGET_NAME)";
				SWIFT_VERSION = 5.0;
				TARGETED_DEVICE_FAMILY = "1,2";
				TEST_HOST = "$(BUILT_PRODUCTS_DIR)/UniBookApp.app/UniBookApp";
			};
			name = Debug;
		};
		09D572DD26FA204200583899 /* Release */ = {
			isa = XCBuildConfiguration;
			buildSettings = {
				ALWAYS_EMBED_SWIFT_STANDARD_LIBRARIES = YES;
				BUNDLE_LOADER = "$(TEST_HOST)";
				CODE_SIGN_STYLE = Automatic;
				INFOPLIST_FILE = UniBookAppTests/Info.plist;
				IPHONEOS_DEPLOYMENT_TARGET = 14.0;
				LD_RUNPATH_SEARCH_PATHS = (
					"$(inherited)",
					"@executable_path/Frameworks",
					"@loader_path/Frameworks",
				);
				PRODUCT_BUNDLE_IDENTIFIER = "CALIELSA-BOOK.UniBookAppTests";
				PRODUCT_NAME = "$(TARGET_NAME)";
				SWIFT_VERSION = 5.0;
				TARGETED_DEVICE_FAMILY = "1,2";
				TEST_HOST = "$(BUILT_PRODUCTS_DIR)/UniBookApp.app/UniBookApp";
			};
			name = Release;
		};
		09D572DF26FA204200583899 /* Debug */ = {
			isa = XCBuildConfiguration;
			buildSettings = {
				ALWAYS_EMBED_SWIFT_STANDARD_LIBRARIES = YES;
				CODE_SIGN_STYLE = Automatic;
				INFOPLIST_FILE = UniBookAppUITests/Info.plist;
				LD_RUNPATH_SEARCH_PATHS = (
					"$(inherited)",
					"@executable_path/Frameworks",
					"@loader_path/Frameworks",
				);
				PRODUCT_BUNDLE_IDENTIFIER = "CALIELSA-BOOK.UniBookAppUITests";
				PRODUCT_NAME = "$(TARGET_NAME)";
				SWIFT_VERSION = 5.0;
				TARGETED_DEVICE_FAMILY = "1,2";
				TEST_TARGET_NAME = UniBookApp;
			};
			name = Debug;
		};
		09D572E026FA204200583899 /* Release */ = {
			isa = XCBuildConfiguration;
			buildSettings = {
				ALWAYS_EMBED_SWIFT_STANDARD_LIBRARIES = YES;
				CODE_SIGN_STYLE = Automatic;
				INFOPLIST_FILE = UniBookAppUITests/Info.plist;
				LD_RUNPATH_SEARCH_PATHS = (
					"$(inherited)",
					"@executable_path/Frameworks",
					"@loader_path/Frameworks",
				);
				PRODUCT_BUNDLE_IDENTIFIER = "CALIELSA-BOOK.UniBookAppUITests";
				PRODUCT_NAME = "$(TARGET_NAME)";
				SWIFT_VERSION = 5.0;
				TARGETED_DEVICE_FAMILY = "1,2";
				TEST_TARGET_NAME = UniBookApp;
			};
			name = Release;
		};
/* End XCBuildConfiguration section */

/* Begin XCConfigurationList section */
		09D572AE26FA203C00583899 /* Build configuration list for PBXProject "UniBookApp" */ = {
			isa = XCConfigurationList;
			buildConfigurations = (
				09D572D626FA204200583899 /* Debug */,
				09D572D726FA204200583899 /* Release */,
			);
			defaultConfigurationIsVisible = 0;
			defaultConfigurationName = Release;
		};
		09D572D826FA204200583899 /* Build configuration list for PBXNativeTarget "UniBookApp" */ = {
			isa = XCConfigurationList;
			buildConfigurations = (
				09D572D926FA204200583899 /* Debug */,
				09D572DA26FA204200583899 /* Release */,
			);
			defaultConfigurationIsVisible = 0;
			defaultConfigurationName = Release;
		};
		09D572DB26FA204200583899 /* Build configuration list for PBXNativeTarget "UniBookAppTests" */ = {
			isa = XCConfigurationList;
			buildConfigurations = (
				09D572DC26FA204200583899 /* Debug */,
				09D572DD26FA204200583899 /* Release */,
			);
			defaultConfigurationIsVisible = 0;
			defaultConfigurationName = Release;
		};
		09D572DE26FA204200583899 /* Build configuration list for PBXNativeTarget "UniBookAppUITests" */ = {
			isa = XCConfigurationList;
			buildConfigurations = (
				09D572DF26FA204200583899 /* Debug */,
				09D572E026FA204200583899 /* Release */,
			);
			defaultConfigurationIsVisible = 0;
			defaultConfigurationName = Release;
		};
/* End XCConfigurationList section */

/* Begin XCRemoteSwiftPackageReference section */
		09C5D8ED2717240200D0E129 /* XCRemoteSwiftPackageReference "facebook-ios-sdk" */ = {
			isa = XCRemoteSwiftPackageReference;
			repositoryURL = "https://github.com/facebook/facebook-ios-sdk";
			requirement = {
				branch = main;
				kind = branch;
			};
		};
		A3ADEE30271ECE8400434D6D /* XCRemoteSwiftPackageReference "firebase-ios-sdk" */ = {
			isa = XCRemoteSwiftPackageReference;
			repositoryURL = "https://github.com/firebase/firebase-ios-sdk.git";
			requirement = {
				branch = master;
				kind = branch;
			};
		};
/* End XCRemoteSwiftPackageReference section */

/* Begin XCSwiftPackageProductDependency section */
		09C5D8EE2717240300D0E129 /* FacebookLogin */ = {
			isa = XCSwiftPackageProductDependency;
			package = 09C5D8ED2717240200D0E129 /* XCRemoteSwiftPackageReference "facebook-ios-sdk" */;
			productName = FacebookLogin;
		};
		09C5D8FB27173F1600D0E129 /* FacebookCore */ = {
			isa = XCSwiftPackageProductDependency;
			package = 09C5D8ED2717240200D0E129 /* XCRemoteSwiftPackageReference "facebook-ios-sdk" */;
			productName = FacebookCore;
		};
		09C5D8FD27173F3600D0E129 /* FacebookAEM */ = {
			isa = XCSwiftPackageProductDependency;
			package = 09C5D8ED2717240200D0E129 /* XCRemoteSwiftPackageReference "facebook-ios-sdk" */;
			productName = FacebookAEM;
		};
		09C5D8FF27173F3800D0E129 /* FacebookBasics */ = {
			isa = XCSwiftPackageProductDependency;
			package = 09C5D8ED2717240200D0E129 /* XCRemoteSwiftPackageReference "facebook-ios-sdk" */;
			productName = FacebookBasics;
		};
		A3ADEE31271ECE8400434D6D /* FirebaseAnalytics */ = {
			isa = XCSwiftPackageProductDependency;
			package = A3ADEE30271ECE8400434D6D /* XCRemoteSwiftPackageReference "firebase-ios-sdk" */;
			productName = FirebaseAnalytics;
		};
		A3ADEE33271ECE8400434D6D /* FirebaseDatabase */ = {
			isa = XCSwiftPackageProductDependency;
			package = A3ADEE30271ECE8400434D6D /* XCRemoteSwiftPackageReference "firebase-ios-sdk" */;
			productName = FirebaseDatabase;
		};
		A3ADEE35271ECE8400434D6D /* FirebaseStorage */ = {
			isa = XCSwiftPackageProductDependency;
			package = A3ADEE30271ECE8400434D6D /* XCRemoteSwiftPackageReference "firebase-ios-sdk" */;
			productName = FirebaseStorage;
		};
/* End XCSwiftPackageProductDependency section */
	};
	rootObject = 09D572AB26FA203C00583899 /* Project object */;
}
