{
  "object": {
    "pins": [
      {
<<<<<<< HEAD
        "package": "AppAuth",
        "repositoryURL": "https://github.com/openid/AppAuth-iOS.git",
        "state": {
          "branch": null,
          "revision": "01131d68346c8ae552961c768d583c715fbe1410",
          "version": "1.4.0"
        }
      },
      {
=======
>>>>>>> 03bf664517ce199cc981e87b00f36e64e4304f56
        "package": "Facebook",
        "repositoryURL": "https://github.com/facebook/facebook-ios-sdk",
        "state": {
          "branch": null,
          "revision": "c46ba480e9b176a950c428b1a1ec3fd57810f8fe",
          "version": "11.2.1"
        }
<<<<<<< HEAD
      },
      {
        "package": "GoogleSignIn",
        "repositoryURL": "https://github.com/google/GoogleSignIn-iOS",
        "state": {
          "branch": null,
          "revision": "27bc94f5e1bd1f3b12ba5abb2230dd77dd143f1e",
          "version": "6.0.2"
        }
      },
      {
        "package": "GTMSessionFetcher",
        "repositoryURL": "https://github.com/google/gtm-session-fetcher.git",
        "state": {
          "branch": null,
          "revision": "bc6a19702ac76ac4e488b68148710eb815f9bc56",
          "version": "1.7.0"
        }
      },
      {
        "package": "GTMAppAuth",
        "repositoryURL": "https://github.com/google/GTMAppAuth.git",
        "state": {
          "branch": null,
          "revision": "40f4103fb52109032c05599a0c39ad43edbdf80a",
          "version": "1.2.2"
        }
=======
>>>>>>> 03bf664517ce199cc981e87b00f36e64e4304f56
      }
    ]
  },
  "version": 1
}
